
Microsoft Visual Studio Solution File, Format Version 12.00
# Visual Studio 14
VisualStudioVersion = 14.0.25420.1
MinimumVisualStudioVersion = 10.0.40219.1
Project("{F184B08F-C81C-45F6-A57F-5ABD9991F28F}") = "risersoft.app.nsa", "qm\risersoft.app.nsa\risersoft.app.nsa.vbproj", "{136BC3BC-482E-4C33-AF4B-73BD2A56C02C}"
EndProject
Project("{F184B08F-C81C-45F6-A57F-5ABD9991F28F}") = "_RSAnalyzer", "common\risersoft.exe.nsa\_RSAnalyzer.vbproj", "{CD5902EF-4877-44A6-A36B-2DF1D2ECE0D6}"
EndProject
Project("{F184B08F-C81C-45F6-A57F-5ABD9991F28F}") = "risersoft.shared", "..\Framework\Shared\risersoft.shared\risersoft.shared.vbproj", "{678F7367-71BB-425C-A388-B45D25822CA3}"
EndProject
Project("{F184B08F-C81C-45F6-A57F-5ABD9991F28F}") = "risersoft.shared.win", "..\Framework\Win\risersoft.shared.win\risersoft.shared.win.vbproj", "{6E272EC6-DC22-46F8-BB94-40780818737B}"
EndProject
Project("{FAE04EC0-301F-11D3-BF4B-00C04F79EFBC}") = "risersoft.shared.lm", "..\Framework\Shared\risersoft.shared.lm\risersoft.shared.lm.csproj", "{2A4A24C0-7357-4EA4-84B8-642F07B1FC5F}"
EndProject
Project("{F184B08F-C81C-45F6-A57F-5ABD9991F28F}") = "risersoft.app.shared", "..\Framework\Win\risersoft.app.shared\risersoft.app.shared.vbproj", "{45CC2480-572F-409A-8C7A-30A31D6FE513}"
EndProject
Project("{F184B08F-C81C-45F6-A57F-5ABD9991F28F}") = "risersoft.shared.db", "..\Framework\shared\risersoft.shared.db\risersoft.shared.db.vbproj", "{093E113D-C44C-404E-9B03-E301DD4DA319}"
EndProject
Project("{F184B08F-C81C-45F6-A57F-5ABD9991F28F}") = "_RSLicenseActivation", "..\Framework\Win\risersoft.activation\_RSLicenseActivation.vbproj", "{3B0F69DB-BFD9-44A3-BE20-9DC374AED55C}"
EndProject
Global
	GlobalSection(SolutionConfigurationPlatforms) = preSolution
		All|Any CPU = All|Any CPU
		All|Mixed Platforms = All|Mixed Platforms
		All|x86 = All|x86
		Debug|Any CPU = Debug|Any CPU
		Debug|Mixed Platforms = Debug|Mixed Platforms
		Debug|x86 = Debug|x86
		Release|Any CPU = Release|Any CPU
		Release|Mixed Platforms = Release|Mixed Platforms
		Release|x86 = Release|x86
	EndGlobalSection
	GlobalSection(ProjectConfigurationPlatforms) = postSolution
		{136BC3BC-482E-4C33-AF4B-73BD2A56C02C}.All|Any CPU.ActiveCfg = Release|Any CPU
		{136BC3BC-482E-4C33-AF4B-73BD2A56C02C}.All|Any CPU.Build.0 = Release|Any CPU
		{136BC3BC-482E-4C33-AF4B-73BD2A56C02C}.All|Mixed Platforms.ActiveCfg = Release|Any CPU
		{136BC3BC-482E-4C33-AF4B-73BD2A56C02C}.All|Mixed Platforms.Build.0 = Release|Any CPU
		{136BC3BC-482E-4C33-AF4B-73BD2A56C02C}.All|x86.ActiveCfg = Release|Any CPU
		{136BC3BC-482E-4C33-AF4B-73BD2A56C02C}.Debug|Any CPU.ActiveCfg = Debug|Any CPU
		{136BC3BC-482E-4C33-AF4B-73BD2A56C02C}.Debug|Any CPU.Build.0 = Debug|Any CPU
		{136BC3BC-482E-4C33-AF4B-73BD2A56C02C}.Debug|Mixed Platforms.ActiveCfg = Debug|Any CPU
		{136BC3BC-482E-4C33-AF4B-73BD2A56C02C}.Debug|Mixed Platforms.Build.0 = Debug|Any CPU
		{136BC3BC-482E-4C33-AF4B-73BD2A56C02C}.Debug|x86.ActiveCfg = Debug|Any CPU
		{136BC3BC-482E-4C33-AF4B-73BD2A56C02C}.Release|Any CPU.ActiveCfg = Release|Any CPU
		{136BC3BC-482E-4C33-AF4B-73BD2A56C02C}.Release|Any CPU.Build.0 = Release|Any CPU
		{136BC3BC-482E-4C33-AF4B-73BD2A56C02C}.Release|Mixed Platforms.ActiveCfg = Release|Any CPU
		{136BC3BC-482E-4C33-AF4B-73BD2A56C02C}.Release|Mixed Platforms.Build.0 = Release|Any CPU
		{136BC3BC-482E-4C33-AF4B-73BD2A56C02C}.Release|x86.ActiveCfg = Release|Any CPU
		{CD5902EF-4877-44A6-A36B-2DF1D2ECE0D6}.All|Any CPU.ActiveCfg = Release|Any CPU
		{CD5902EF-4877-44A6-A36B-2DF1D2ECE0D6}.All|Any CPU.Build.0 = Release|Any CPU
		{CD5902EF-4877-44A6-A36B-2DF1D2ECE0D6}.All|Mixed Platforms.ActiveCfg = Release|Any CPU
		{CD5902EF-4877-44A6-A36B-2DF1D2ECE0D6}.All|Mixed Platforms.Build.0 = Release|Any CPU
		{CD5902EF-4877-44A6-A36B-2DF1D2ECE0D6}.All|x86.ActiveCfg = Release|Any CPU
		{CD5902EF-4877-44A6-A36B-2DF1D2ECE0D6}.Debug|Any CPU.ActiveCfg = Debug|Any CPU
		{CD5902EF-4877-44A6-A36B-2DF1D2ECE0D6}.Debug|Any CPU.Build.0 = Debug|Any CPU
		{CD5902EF-4877-44A6-A36B-2DF1D2ECE0D6}.Debug|Mixed Platforms.ActiveCfg = Debug|Any CPU
		{CD5902EF-4877-44A6-A36B-2DF1D2ECE0D6}.Debug|Mixed Platforms.Build.0 = Debug|Any CPU
		{CD5902EF-4877-44A6-A36B-2DF1D2ECE0D6}.Debug|x86.ActiveCfg = Debug|Any CPU
		{CD5902EF-4877-44A6-A36B-2DF1D2ECE0D6}.Release|Any CPU.ActiveCfg = Release|Any CPU
		{CD5902EF-4877-44A6-A36B-2DF1D2ECE0D6}.Release|Any CPU.Build.0 = Release|Any CPU
		{CD5902EF-4877-44A6-A36B-2DF1D2ECE0D6}.Release|Mixed Platforms.ActiveCfg = Release|Any CPU
		{CD5902EF-4877-44A6-A36B-2DF1D2ECE0D6}.Release|Mixed Platforms.Build.0 = Release|Any CPU
		{CD5902EF-4877-44A6-A36B-2DF1D2ECE0D6}.Release|x86.ActiveCfg = Release|Any CPU
		{678F7367-71BB-425C-A388-B45D25822CA3}.All|Any CPU.ActiveCfg = Release|Any CPU
		{678F7367-71BB-425C-A388-B45D25822CA3}.All|Any CPU.Build.0 = Release|Any CPU
		{678F7367-71BB-425C-A388-B45D25822CA3}.All|Mixed Platforms.ActiveCfg = Release|Any CPU
		{678F7367-71BB-425C-A388-B45D25822CA3}.All|Mixed Platforms.Build.0 = Release|Any CPU
		{678F7367-71BB-425C-A388-B45D25822CA3}.All|x86.ActiveCfg = Release|Any CPU
		{678F7367-71BB-425C-A388-B45D25822CA3}.Debug|Any CPU.ActiveCfg = Debug|Any CPU
		{678F7367-71BB-425C-A388-B45D25822CA3}.Debug|Any CPU.Build.0 = Debug|Any CPU
		{678F7367-71BB-425C-A388-B45D25822CA3}.Debug|Mixed Platforms.ActiveCfg = Debug|Any CPU
		{678F7367-71BB-425C-A388-B45D25822CA3}.Debug|Mixed Platforms.Build.0 = Debug|Any CPU
		{678F7367-71BB-425C-A388-B45D25822CA3}.Debug|x86.ActiveCfg = Debug|Any CPU
		{678F7367-71BB-425C-A388-B45D25822CA3}.Release|Any CPU.ActiveCfg = Release|Any CPU
		{678F7367-71BB-425C-A388-B45D25822CA3}.Release|Any CPU.Build.0 = Release|Any CPU
		{678F7367-71BB-425C-A388-B45D25822CA3}.Release|Mixed Platforms.ActiveCfg = Release|Any CPU
		{678F7367-71BB-425C-A388-B45D25822CA3}.Release|Mixed Platforms.Build.0 = Release|Any CPU
		{678F7367-71BB-425C-A388-B45D25822CA3}.Release|x86.ActiveCfg = Release|Any CPU
		{6E272EC6-DC22-46F8-BB94-40780818737B}.All|Any CPU.ActiveCfg = Release|Any CPU
		{6E272EC6-DC22-46F8-BB94-40780818737B}.All|Any CPU.Build.0 = Release|Any CPU
		{6E272EC6-DC22-46F8-BB94-40780818737B}.All|Mixed Platforms.ActiveCfg = Release|Any CPU
		{6E272EC6-DC22-46F8-BB94-40780818737B}.All|Mixed Platforms.Build.0 = Release|Any CPU
		{6E272EC6-DC22-46F8-BB94-40780818737B}.All|x86.ActiveCfg = Release|Any CPU
		{6E272EC6-DC22-46F8-BB94-40780818737B}.Debug|Any CPU.ActiveCfg = Debug|Any CPU
		{6E272EC6-DC22-46F8-BB94-40780818737B}.Debug|Any CPU.Build.0 = Debug|Any CPU
		{6E272EC6-DC22-46F8-BB94-40780818737B}.Debug|Mixed Platforms.ActiveCfg = Debug|Any CPU
		{6E272EC6-DC22-46F8-BB94-40780818737B}.Debug|Mixed Platforms.Build.0 = Debug|Any CPU
		{6E272EC6-DC22-46F8-BB94-40780818737B}.Debug|x86.ActiveCfg = Debug|Any CPU
		{6E272EC6-DC22-46F8-BB94-40780818737B}.Release|Any CPU.ActiveCfg = Release|Any CPU
		{6E272EC6-DC22-46F8-BB94-40780818737B}.Release|Any CPU.Build.0 = Release|Any CPU
		{6E272EC6-DC22-46F8-BB94-40780818737B}.Release|Mixed Platforms.ActiveCfg = Release|Any CPU
		{6E272EC6-DC22-46F8-BB94-40780818737B}.Release|Mixed Platforms.Build.0 = Release|Any CPU
		{6E272EC6-DC22-46F8-BB94-40780818737B}.Release|x86.ActiveCfg = Release|Any CPU
		{2A4A24C0-7357-4EA4-84B8-642F07B1FC5F}.All|Any CPU.ActiveCfg = Release|Any CPU
		{2A4A24C0-7357-4EA4-84B8-642F07B1FC5F}.All|Any CPU.Build.0 = Release|Any CPU
		{2A4A24C0-7357-4EA4-84B8-642F07B1FC5F}.All|Mixed Platforms.ActiveCfg = Release|Any CPU
		{2A4A24C0-7357-4EA4-84B8-642F07B1FC5F}.All|Mixed Platforms.Build.0 = Release|Any CPU
		{2A4A24C0-7357-4EA4-84B8-642F07B1FC5F}.All|x86.ActiveCfg = Release|Any CPU
		{2A4A24C0-7357-4EA4-84B8-642F07B1FC5F}.Debug|Any CPU.ActiveCfg = Debug|Any CPU
		{2A4A24C0-7357-4EA4-84B8-642F07B1FC5F}.Debug|Any CPU.Build.0 = Debug|Any CPU
		{2A4A24C0-7357-4EA4-84B8-642F07B1FC5F}.Debug|Mixed Platforms.ActiveCfg = Debug|Any CPU
		{2A4A24C0-7357-4EA4-84B8-642F07B1FC5F}.Debug|Mixed Platforms.Build.0 = Debug|Any CPU
		{2A4A24C0-7357-4EA4-84B8-642F07B1FC5F}.Debug|x86.ActiveCfg = Debug|Any CPU
		{2A4A24C0-7357-4EA4-84B8-642F07B1FC5F}.Release|Any CPU.ActiveCfg = Release|Any CPU
		{2A4A24C0-7357-4EA4-84B8-642F07B1FC5F}.Release|Any CPU.Build.0 = Release|Any CPU
		{2A4A24C0-7357-4EA4-84B8-642F07B1FC5F}.Release|Mixed Platforms.ActiveCfg = Release|Any CPU
		{2A4A24C0-7357-4EA4-84B8-642F07B1FC5F}.Release|Mixed Platforms.Build.0 = Release|Any CPU
		{2A4A24C0-7357-4EA4-84B8-642F07B1FC5F}.Release|x86.ActiveCfg = Release|Any CPU
		{45CC2480-572F-409A-8C7A-30A31D6FE513}.All|Any CPU.ActiveCfg = Release|Any CPU
		{45CC2480-572F-409A-8C7A-30A31D6FE513}.All|Any CPU.Build.0 = Release|Any CPU
		{45CC2480-572F-409A-8C7A-30A31D6FE513}.All|Mixed Platforms.ActiveCfg = Release|Any CPU
		{45CC2480-572F-409A-8C7A-30A31D6FE513}.All|Mixed Platforms.Build.0 = Release|Any CPU
		{45CC2480-572F-409A-8C7A-30A31D6FE513}.All|x86.ActiveCfg = Release|Any CPU
		{45CC2480-572F-409A-8C7A-30A31D6FE513}.Debug|Any CPU.ActiveCfg = Debug|Any CPU
		{45CC2480-572F-409A-8C7A-30A31D6FE513}.Debug|Any CPU.Build.0 = Debug|Any CPU
		{45CC2480-572F-409A-8C7A-30A31D6FE513}.Debug|Mixed Platforms.ActiveCfg = Debug|Any CPU
		{45CC2480-572F-409A-8C7A-30A31D6FE513}.Debug|Mixed Platforms.Build.0 = Debug|Any CPU
		{45CC2480-572F-409A-8C7A-30A31D6FE513}.Debug|x86.ActiveCfg = Debug|Any CPU
		{45CC2480-572F-409A-8C7A-30A31D6FE513}.Release|Any CPU.ActiveCfg = Release|Any CPU
		{45CC2480-572F-409A-8C7A-30A31D6FE513}.Release|Any CPU.Build.0 = Release|Any CPU
		{45CC2480-572F-409A-8C7A-30A31D6FE513}.Release|Mixed Platforms.ActiveCfg = Release|Any CPU
		{45CC2480-572F-409A-8C7A-30A31D6FE513}.Release|Mixed Platforms.Build.0 = Release|Any CPU
		{45CC2480-572F-409A-8C7A-30A31D6FE513}.Release|x86.ActiveCfg = Release|Any CPU
		{093E113D-C44C-404E-9B03-E301DD4DA319}.All|Any CPU.ActiveCfg = Release|Any CPU
		{093E113D-C44C-404E-9B03-E301DD4DA319}.All|Any CPU.Build.0 = Release|Any CPU
		{093E113D-C44C-404E-9B03-E301DD4DA319}.All|Mixed Platforms.ActiveCfg = Release|Any CPU
		{093E113D-C44C-404E-9B03-E301DD4DA319}.All|Mixed Platforms.Build.0 = Release|Any CPU
		{093E113D-C44C-404E-9B03-E301DD4DA319}.All|x86.ActiveCfg = Release|Any CPU
		{093E113D-C44C-404E-9B03-E301DD4DA319}.Debug|Any CPU.ActiveCfg = Debug|Any CPU
		{093E113D-C44C-404E-9B03-E301DD4DA319}.Debug|Any CPU.Build.0 = Debug|Any CPU
		{093E113D-C44C-404E-9B03-E301DD4DA319}.Debug|Mixed Platforms.ActiveCfg = Debug|Any CPU
		{093E113D-C44C-404E-9B03-E301DD4DA319}.Debug|Mixed Platforms.Build.0 = Debug|Any CPU
		{093E113D-C44C-404E-9B03-E301DD4DA319}.Debug|x86.ActiveCfg = Debug|Any CPU
		{093E113D-C44C-404E-9B03-E301DD4DA319}.Release|Any CPU.ActiveCfg = Release|Any CPU
		{093E113D-C44C-404E-9B03-E301DD4DA319}.Release|Any CPU.Build.0 = Release|Any CPU
		{093E113D-C44C-404E-9B03-E301DD4DA319}.Release|Mixed Platforms.ActiveCfg = Release|Any CPU
		{093E113D-C44C-404E-9B03-E301DD4DA319}.Release|Mixed Platforms.Build.0 = Release|Any CPU
		{093E113D-C44C-404E-9B03-E301DD4DA319}.Release|x86.ActiveCfg = Release|Any CPU
		{3B0F69DB-BFD9-44A3-BE20-9DC374AED55C}.All|Any CPU.ActiveCfg = Release|Any CPU
		{3B0F69DB-BFD9-44A3-BE20-9DC374AED55C}.All|Any CPU.Build.0 = Release|Any CPU
		{3B0F69DB-BFD9-44A3-BE20-9DC374AED55C}.All|Mixed Platforms.ActiveCfg = Release|Any CPU
		{3B0F69DB-BFD9-44A3-BE20-9DC374AED55C}.All|Mixed Platforms.Build.0 = Release|Any CPU
		{3B0F69DB-BFD9-44A3-BE20-9DC374AED55C}.All|x86.ActiveCfg = Release|Any CPU
		{3B0F69DB-BFD9-44A3-BE20-9DC374AED55C}.Debug|Any CPU.ActiveCfg = Debug|Any CPU
		{3B0F69DB-BFD9-44A3-BE20-9DC374AED55C}.Debug|Any CPU.Build.0 = Debug|Any CPU
		{3B0F69DB-BFD9-44A3-BE20-9DC374AED55C}.Debug|Mixed Platforms.ActiveCfg = Debug|Any CPU
		{3B0F69DB-BFD9-44A3-BE20-9DC374AED55C}.Debug|Mixed Platforms.Build.0 = Debug|Any CPU
		{3B0F69DB-BFD9-44A3-BE20-9DC374AED55C}.Debug|x86.ActiveCfg = Debug|Any CPU
		{3B0F69DB-BFD9-44A3-BE20-9DC374AED55C}.Release|Any CPU.ActiveCfg = Release|Any CPU
		{3B0F69DB-BFD9-44A3-BE20-9DC374AED55C}.Release|Any CPU.Build.0 = Release|Any CPU
		{3B0F69DB-BFD9-44A3-BE20-9DC374AED55C}.Release|Mixed Platforms.ActiveCfg = Release|Any CPU
		{3B0F69DB-BFD9-44A3-BE20-9DC374AED55C}.Release|Mixed Platforms.Build.0 = Release|Any CPU
		{3B0F69DB-BFD9-44A3-BE20-9DC374AED55C}.Release|x86.ActiveCfg = Release|Any CPU
	EndGlobalSection
	GlobalSection(SolutionProperties) = preSolution
		HideSolutionNode = FALSE
	EndGlobalSection
	GlobalSection(TeamFoundationVersionControl) = preSolution
		SccNumberOfProjects = 9
		SccEnterpriseProvider = {4CA58AB2-18FA-4F8D-95D4-32DDF27D184C}
		SccTeamFoundationServer = https://rsds.visualstudio.com/defaultcollection
		SccLocalPath0 = .
		SccProjectUniqueName1 = ..\\Framework\\Shared\\risersoft.shared\\risersoft.shared.vbproj
		SccProjectName1 = ../Framework/Shared/risersoft.shared
		SccLocalPath1 = ..\\Framework\\Shared\\risersoft.shared
		SccProjectUniqueName2 = ..\\Framework\\Win\\risersoft.shared.win\\risersoft.shared.win.vbproj
		SccProjectName2 = ../Framework/Win/risersoft.shared.win
		SccLocalPath2 = ..\\Framework\\Win\\risersoft.shared.win
		SccProjectUniqueName3 = ..\\Framework\\Shared\\risersoft.shared.lm\\risersoft.shared.lm.csproj
		SccProjectName3 = ../Framework/Shared/risersoft.shared.lm
		SccLocalPath3 = ..\\Framework\\Shared\\risersoft.shared.lm
		SccProjectUniqueName4 = ..\\Framework\\Win\\risersoft.app.shared\\risersoft.app.shared.vbproj
		SccProjectName4 = ../Framework/Win/risersoft.app.shared
		SccLocalPath4 = ..\\Framework\\Win\\risersoft.app.shared
		SccProjectUniqueName5 = ..\\Framework\\Win\\risersoft.activation\\_RSLicenseActivation.vbproj
		SccProjectName5 = ../Framework/Win/risersoft.activation
		SccLocalPath5 = ..\\Framework\\Win\\risersoft.activation
		SccProjectUniqueName6 = qm\\risersoft.app.nsa\\risersoft.app.nsa.vbproj
		SccProjectName6 = qm/risersoft.app.nsa
		SccLocalPath6 = qm\\risersoft.app.nsa
		SccProjectUniqueName7 = ..\\Framework\\shared\\risersoft.shared.db\\risersoft.shared.db.vbproj
		SccProjectName7 = ../Framework/shared/risersoft.shared.db
		SccLocalPath7 = ..\\Framework\\shared\\risersoft.shared.db
		SccProjectUniqueName8 = common\\risersoft.exe.nsa\\_RSAnalyzer.vbproj
		SccProjectName8 = common/risersoft.exe.nsa
		SccLocalPath8 = common\\risersoft.exe.nsa
	EndGlobalSection
EndGlobal
